
Microsoft Visual Studio Solution File, Format Version 11.00
# Visual Studio 2010
Project("{FAE04EC0-301F-11D3-BF4B-00C04F79EFBC}") = "ImageTools", "ImageTools\ImageTools.csproj", "{FA997DD0-BA4D-404C-B387-6997B6EBA9AB}"
EndProject
Global
	GlobalSection(SolutionConfigurationPlatforms) = preSolution
		Debug64|Any CPU = Debug64|Any CPU
		Release|Any CPU = Release|Any CPU
	EndGlobalSection
	GlobalSection(ProjectConfigurationPlatforms) = postSolution
		{FA997DD0-BA4D-404C-B387-6997B6EBA9AB}.Debug64|Any CPU.ActiveCfg = Debug64|Any CPU
		{FA997DD0-BA4D-404C-B387-6997B6EBA9AB}.Debug64|Any CPU.Build.0 = Debug64|Any CPU
		{FA997DD0-BA4D-404C-B387-6997B6EBA9AB}.Release|Any CPU.ActiveCfg = Release|Any CPU
		{FA997DD0-BA4D-404C-B387-6997B6EBA9AB}.Release|Any CPU.Build.0 = Release|Any CPU
	EndGlobalSection
	GlobalSection(SolutionProperties) = preSolution
		HideSolutionNode = FALSE
	EndGlobalSection
EndGlobal
